
Microsoft Visual Studio Solution File, Format Version 12.00
Project("{FAE04EC0-301F-11D3-BF4B-00C04F79EFBC}") = "Application", "src\Application\Application.csproj", "{C20B7DAE-4F40-4345-98CB-F00925FB6AF7}"
EndProject
Project("{FAE04EC0-301F-11D3-BF4B-00C04F79EFBC}") = "Domain", "src\Domain\Domain.csproj", "{7019EA02-0D50-431C-A116-B1AD46E9C96A}"
EndProject
Project("{FAE04EC0-301F-11D3-BF4B-00C04F79EFBC}") = "Infrastructure", "src\Infrastructure\Infrastructure.csproj", "{FD5A6D6C-53C6-4AF9-900A-FC1EA6023C0F}"
EndProject
Project("{FAE04EC0-301F-11D3-BF4B-00C04F79EFBC}") = "WebAPI", "src\WebAPI\WebAPI.csproj", "{25D91999-0D95-4755-AFE6-3A4BE9185912}"
EndProject
Project("{2150E333-8FDC-42A3-9474-1A3956D46DE8}") = "src", "src", "{181BB51A-79D0-40B9-BBCE-D330034F14BD}"
EndProject
Project("{2150E333-8FDC-42A3-9474-1A3956D46DE8}") = "tests", "tests", "{27508BE1-5639-49C7-890D-57C2D20F61B7}"
EndProject
Project("{FAE04EC0-301F-11D3-BF4B-00C04F79EFBC}") = "TestProject1", "tests\TestProject1\TestProject1.csproj", "{81FFD7EF-24C6-44EE-BF8A-02B8530DB1F7}"
EndProject
Global
	GlobalSection(SolutionConfigurationPlatforms) = preSolution
		Debug|Any CPU = Debug|Any CPU
		Release|Any CPU = Release|Any CPU
	EndGlobalSection
	GlobalSection(ProjectConfigurationPlatforms) = postSolution
		{C20B7DAE-4F40-4345-98CB-F00925FB6AF7}.Debug|Any CPU.ActiveCfg = Debug|Any CPU
		{C20B7DAE-4F40-4345-98CB-F00925FB6AF7}.Debug|Any CPU.Build.0 = Debug|Any CPU
		{C20B7DAE-4F40-4345-98CB-F00925FB6AF7}.Release|Any CPU.ActiveCfg = Release|Any CPU
		{C20B7DAE-4F40-4345-98CB-F00925FB6AF7}.Release|Any CPU.Build.0 = Release|Any CPU
		{7019EA02-0D50-431C-A116-B1AD46E9C96A}.Debug|Any CPU.ActiveCfg = Debug|Any CPU
		{7019EA02-0D50-431C-A116-B1AD46E9C96A}.Debug|Any CPU.Build.0 = Debug|Any CPU
		{7019EA02-0D50-431C-A116-B1AD46E9C96A}.Release|Any CPU.ActiveCfg = Release|Any CPU
		{7019EA02-0D50-431C-A116-B1AD46E9C96A}.Release|Any CPU.Build.0 = Release|Any CPU
		{FD5A6D6C-53C6-4AF9-900A-FC1EA6023C0F}.Debug|Any CPU.ActiveCfg = Debug|Any CPU
		{FD5A6D6C-53C6-4AF9-900A-FC1EA6023C0F}.Debug|Any CPU.Build.0 = Debug|Any CPU
		{FD5A6D6C-53C6-4AF9-900A-FC1EA6023C0F}.Release|Any CPU.ActiveCfg = Release|Any CPU
		{FD5A6D6C-53C6-4AF9-900A-FC1EA6023C0F}.Release|Any CPU.Build.0 = Release|Any CPU
		{25D91999-0D95-4755-AFE6-3A4BE9185912}.Debug|Any CPU.ActiveCfg = Debug|Any CPU
		{25D91999-0D95-4755-AFE6-3A4BE9185912}.Debug|Any CPU.Build.0 = Debug|Any CPU
		{25D91999-0D95-4755-AFE6-3A4BE9185912}.Release|Any CPU.ActiveCfg = Release|Any CPU
		{25D91999-0D95-4755-AFE6-3A4BE9185912}.Release|Any CPU.Build.0 = Release|Any CPU
		{81FFD7EF-24C6-44EE-BF8A-02B8530DB1F7}.Debug|Any CPU.ActiveCfg = Debug|Any CPU
		{81FFD7EF-24C6-44EE-BF8A-02B8530DB1F7}.Debug|Any CPU.Build.0 = Debug|Any CPU
		{81FFD7EF-24C6-44EE-BF8A-02B8530DB1F7}.Release|Any CPU.ActiveCfg = Release|Any CPU
		{81FFD7EF-24C6-44EE-BF8A-02B8530DB1F7}.Release|Any CPU.Build.0 = Release|Any CPU
	EndGlobalSection
	GlobalSection(NestedProjects) = preSolution
		{C20B7DAE-4F40-4345-98CB-F00925FB6AF7} = {181BB51A-79D0-40B9-BBCE-D330034F14BD}
		{7019EA02-0D50-431C-A116-B1AD46E9C96A} = {181BB51A-79D0-40B9-BBCE-D330034F14BD}
		{FD5A6D6C-53C6-4AF9-900A-FC1EA6023C0F} = {181BB51A-79D0-40B9-BBCE-D330034F14BD}
		{25D91999-0D95-4755-AFE6-3A4BE9185912} = {181BB51A-79D0-40B9-BBCE-D330034F14BD}
		{81FFD7EF-24C6-44EE-BF8A-02B8530DB1F7} = {27508BE1-5639-49C7-890D-57C2D20F61B7}
	EndGlobalSection
EndGlobal
